{
  "name": "demo",
  "version": "1.0.0",
  "lockfileVersion": 3,
  "requires": true,
  "packages": {
    "": {
      "name": "demo",
      "version": "1.0.0",
      "license": "ISC",
      "dependencies": {
        "date-and-time": "^3"
      }
    },
    "node_modules/date-and-time": {
      "version": "3.4.1",
      "resolved": "https://registry.npmjs.org/date-and-time/-/date-and-time-3.4.1.tgz",
      "integrity": "sha512-i/paYORS8KPiisAP22TJR9XutKi2O2uzqs/+Tey7cTKcXQWYp4S5hjcI/aqWy1awDpiK45+i660nVZty8ln5UQ==",
      "license": "MIT"
    }
  }
}
