{
  "name": "demo",
  "version": "1.0.0",
  "lockfileVersion": 3,
  "requires": true,
  "packages": {
    "": {
      "name": "demo",
      "version": "1.0.0",
      "license": "ISC",
      "dependencies": {
        "date-and-time": "^3.0.2"
      }
    },
    "node_modules/date-and-time": {
      "version": "3.1.1",
      "resolved": "https://registry.npmjs.org/date-and-time/-/date-and-time-3.1.1.tgz",
      "integrity": "sha512-N9kstidT3P0VUk1iKOFilOZ6251r6iTUNx9M9kvgL2jqOk9mljWZUq5CjAtYwCnppWHbERk5YFQUrSbY7FQOpA=="
    }
  }
}
